{
  "name": "marshalutil",
  "version": "1.0.0",
  "lockfileVersion": 1,
  "requires": true,
  "dependencies": {
    "decimal.js": {
      "version": "7.3.0",
      "resolved": "https://registry.npmjs.org/decimal.js/-/decimal.js-7.3.0.tgz",
      "integrity": "sha512-VVahlspSseBpHAPbf9ofz4iSJNIpaPIzrNUnY3NUoNkQQ3+0/Uh8+Jndz8gzRwOXWKwvbS556lcjqucj8f3hMw=="
    }
  }
}
